// !$*UTF8*$!
{
	archiveVersion = 1;
	classes = {
	};
	objectVersion = 46;
	objects = {

/* Begin PBXBuildFile section */
		4A444FA11589E28800B44ABB /* libicucore.dylib in Frameworks */ = {isa = PBXBuildFile; fileRef = 4A444FA01589E28800B44ABB /* libicucore.dylib */; };
		4A444FA31589E29500B44ABB /* Security.framework in Frameworks */ = {isa = PBXBuildFile; fileRef = 4A444FA21589E29500B44ABB /* Security.framework */; };
		4A4453811589EE9100B44ABB /* base64.c in Sources */ = {isa = PBXBuildFile; fileRef = 4A44537A1589EE9100B44ABB /* base64.c */; };
		4A4453821589EE9100B44ABB /* NSData+SRB64Additions.m in Sources */ = {isa = PBXBuildFile; fileRef = 4A44537D1589EE9100B44ABB /* NSData+SRB64Additions.m */; };
		4A4453831589EE9100B44ABB /* SRWebSocket.m in Sources */ = {isa = PBXBuildFile; fileRef = 4A4453801589EE9100B44ABB /* SRWebSocket.m */; };
		4AD96DF41680853E00D9E42D /* SocketIOPacket.m in Sources */ = {isa = PBXBuildFile; fileRef = 4AD96DF31680853E00D9E42D /* SocketIOPacket.m */; };
		4AD96DF816808B7900D9E42D /* SocketIOTransportWebsocket.m in Sources */ = {isa = PBXBuildFile; fileRef = 4AD96DF716808B7900D9E42D /* SocketIOTransportWebsocket.m */; };
		4AD96DFC16822DE300D9E42D /* SocketIOTransportXHR.m in Sources */ = {isa = PBXBuildFile; fileRef = 4AD96DFB16822DE300D9E42D /* SocketIOTransportXHR.m */; };
		4ADCCBA215790D760022990C /* UIKit.framework in Frameworks */ = {isa = PBXBuildFile; fileRef = 4ADCCBA115790D760022990C /* UIKit.framework */; };
		4ADCCBA415790D760022990C /* Foundation.framework in Frameworks */ = {isa = PBXBuildFile; fileRef = 4ADCCBA315790D760022990C /* Foundation.framework */; };
		4ADCCBA615790D760022990C /* CoreGraphics.framework in Frameworks */ = {isa = PBXBuildFile; fileRef = 4ADCCBA515790D760022990C /* CoreGraphics.framework */; };
		4ADCCBAC15790D760022990C /* InfoPlist.strings in Resources */ = {isa = PBXBuildFile; fileRef = 4ADCCBAA15790D760022990C /* InfoPlist.strings */; };
		4ADCCBAE15790D760022990C /* main.m in Sources */ = {isa = PBXBuildFile; fileRef = 4ADCCBAD15790D760022990C /* main.m */; };
		4ADCCBB215790D760022990C /* AppDelegate.m in Sources */ = {isa = PBXBuildFile; fileRef = 4ADCCBB115790D760022990C /* AppDelegate.m */; };
		4ADCCBB515790D760022990C /* ViewController.m in Sources */ = {isa = PBXBuildFile; fileRef = 4ADCCBB415790D760022990C /* ViewController.m */; };
		4ADCCBB815790D760022990C /* ViewController.xib in Resources */ = {isa = PBXBuildFile; fileRef = 4ADCCBB615790D760022990C /* ViewController.xib */; };
		4ADCCBEF15790FC70022990C /* CFNetwork.framework in Frameworks */ = {isa = PBXBuildFile; fileRef = 4ADCCBEE15790FC70022990C /* CFNetwork.framework */; };
		4ADCCBF115790FD30022990C /* MobileCoreServices.framework in Frameworks */ = {isa = PBXBuildFile; fileRef = 4ADCCBF015790FD30022990C /* MobileCoreServices.framework */; };
		4ADCCBF315790FDF0022990C /* SystemConfiguration.framework in Frameworks */ = {isa = PBXBuildFile; fileRef = 4ADCCBF215790FDF0022990C /* SystemConfiguration.framework */; };
		4ADCCD4D157915F00022990C /* SocketIO.m in Sources */ = {isa = PBXBuildFile; fileRef = 4ADCCBC715790DEC0022990C /* SocketIO.m */; };
		C9E391A215E2A1B00004693A /* SocketIOJSONSerialization.m in Sources */ = {isa = PBXBuildFile; fileRef = C9E391A115E2A1B00004693A /* SocketIOJSONSerialization.m */; };
/* End PBXBuildFile section */

/* Begin PBXFileReference section */
		4A444FA01589E28800B44ABB /* libicucore.dylib */ = {isa = PBXFileReference; lastKnownFileType = "compiled.mach-o.dylib"; name = libicucore.dylib; path = usr/lib/libicucore.dylib; sourceTree = SDKROOT; };
		4A444FA21589E29500B44ABB /* Security.framework */ = {isa = PBXFileReference; lastKnownFileType = wrapper.framework; name = Security.framework; path = System/Library/Frameworks/Security.framework; sourceTree = SDKROOT; };
		4A44537A1589EE9100B44ABB /* base64.c */ = {isa = PBXFileReference; fileEncoding = 4; lastKnownFileType = sourcecode.c.c; name = base64.c; path = "submodules/socket-rocket/SocketRocket/base64.c"; sourceTree = SOURCE_ROOT; };
		4A44537B1589EE9100B44ABB /* base64.h */ = {isa = PBXFileReference; fileEncoding = 4; lastKnownFileType = sourcecode.c.h; name = base64.h; path = "submodules/socket-rocket/SocketRocket/base64.h"; sourceTree = SOURCE_ROOT; };
		4A44537C1589EE9100B44ABB /* NSData+SRB64Additions.h */ = {isa = PBXFileReference; fileEncoding = 4; lastKnownFileType = sourcecode.c.h; name = "NSData+SRB64Additions.h"; path = "submodules/socket-rocket/SocketRocket/NSData+SRB64Additions.h"; sourceTree = SOURCE_ROOT; };
		4A44537D1589EE9100B44ABB /* NSData+SRB64Additions.m */ = {isa = PBXFileReference; fileEncoding = 4; lastKnownFileType = sourcecode.c.objc; name = "NSData+SRB64Additions.m"; path = "submodules/socket-rocket/SocketRocket/NSData+SRB64Additions.m"; sourceTree = SOURCE_ROOT; };
		4A44537E1589EE9100B44ABB /* SocketRocket-Prefix.pch */ = {isa = PBXFileReference; fileEncoding = 4; lastKnownFileType = sourcecode.c.h; name = "SocketRocket-Prefix.pch"; path = "submodules/socket-rocket/SocketRocket/SocketRocket-Prefix.pch"; sourceTree = SOURCE_ROOT; };
		4A44537F1589EE9100B44ABB /* SRWebSocket.h */ = {isa = PBXFileReference; fileEncoding = 4; lastKnownFileType = sourcecode.c.h; name = SRWebSocket.h; path = "submodules/socket-rocket/SocketRocket/SRWebSocket.h"; sourceTree = SOURCE_ROOT; };
		4A4453801589EE9100B44ABB /* SRWebSocket.m */ = {isa = PBXFileReference; fileEncoding = 4; lastKnownFileType = sourcecode.c.objc; name = SRWebSocket.m; path = "submodules/socket-rocket/SocketRocket/SRWebSocket.m"; sourceTree = SOURCE_ROOT; };
		4AD96DF21680853E00D9E42D /* SocketIOPacket.h */ = {isa = PBXFileReference; fileEncoding = 4; lastKnownFileType = sourcecode.c.h; path = SocketIOPacket.h; sourceTree = SOURCE_ROOT; };
		4AD96DF31680853E00D9E42D /* SocketIOPacket.m */ = {isa = PBXFileReference; fileEncoding = 4; lastKnownFileType = sourcecode.c.objc; path = SocketIOPacket.m; sourceTree = SOURCE_ROOT; };
		4AD96DF616808B7900D9E42D /* SocketIOTransportWebsocket.h */ = {isa = PBXFileReference; fileEncoding = 4; lastKnownFileType = sourcecode.c.h; name = SocketIOTransportWebsocket.h; path = ../SocketIOTransportWebsocket.h; sourceTree = "<group>"; };
		4AD96DF716808B7900D9E42D /* SocketIOTransportWebsocket.m */ = {isa = PBXFileReference; fileEncoding = 4; lastKnownFileType = sourcecode.c.objc; name = SocketIOTransportWebsocket.m; path = ../SocketIOTransportWebsocket.m; sourceTree = "<group>"; };
		4AD96DF9168225FC00D9E42D /* SocketIOTransport.h */ = {isa = PBXFileReference; lastKnownFileType = sourcecode.c.h; path = SocketIOTransport.h; sourceTree = SOURCE_ROOT; };
		4AD96DFA16822DE300D9E42D /* SocketIOTransportXHR.h */ = {isa = PBXFileReference; fileEncoding = 4; lastKnownFileType = sourcecode.c.h; path = SocketIOTransportXHR.h; sourceTree = SOURCE_ROOT; };
		4AD96DFB16822DE300D9E42D /* SocketIOTransportXHR.m */ = {isa = PBXFileReference; fileEncoding = 4; lastKnownFileType = sourcecode.c.objc; path = SocketIOTransportXHR.m; sourceTree = SOURCE_ROOT; };
		4ADCCB9D15790D760022990C /* SocketTesterARC.app */ = {isa = PBXFileReference; explicitFileType = wrapper.application; includeInIndex = 0; path = SocketTesterARC.app; sourceTree = BUILT_PRODUCTS_DIR; };
		4ADCCBA115790D760022990C /* UIKit.framework */ = {isa = PBXFileReference; lastKnownFileType = wrapper.framework; name = UIKit.framework; path = System/Library/Frameworks/UIKit.framework; sourceTree = SDKROOT; };
		4ADCCBA315790D760022990C /* Foundation.framework */ = {isa = PBXFileReference; lastKnownFileType = wrapper.framework; name = Foundation.framework; path = System/Library/Frameworks/Foundation.framework; sourceTree = SDKROOT; };
		4ADCCBA515790D760022990C /* CoreGraphics.framework */ = {isa = PBXFileReference; lastKnownFileType = wrapper.framework; name = CoreGraphics.framework; path = System/Library/Frameworks/CoreGraphics.framework; sourceTree = SDKROOT; };
		4ADCCBA915790D760022990C /* SocketTesterARC-Info.plist */ = {isa = PBXFileReference; lastKnownFileType = text.plist.xml; path = "SocketTesterARC-Info.plist"; sourceTree = "<group>"; };
		4ADCCBAB15790D760022990C /* en */ = {isa = PBXFileReference; lastKnownFileType = text.plist.strings; name = en; path = en.lproj/InfoPlist.strings; sourceTree = "<group>"; };
		4ADCCBAD15790D760022990C /* main.m */ = {isa = PBXFileReference; lastKnownFileType = sourcecode.c.objc; path = main.m; sourceTree = "<group>"; };
		4ADCCBAF15790D760022990C /* SocketTesterARC-Prefix.pch */ = {isa = PBXFileReference; lastKnownFileType = sourcecode.c.h; path = "SocketTesterARC-Prefix.pch"; sourceTree = "<group>"; };
		4ADCCBB015790D760022990C /* AppDelegate.h */ = {isa = PBXFileReference; lastKnownFileType = sourcecode.c.h; path = AppDelegate.h; sourceTree = "<group>"; };
		4ADCCBB115790D760022990C /* AppDelegate.m */ = {isa = PBXFileReference; lastKnownFileType = sourcecode.c.objc; path = AppDelegate.m; sourceTree = "<group>"; };
		4ADCCBB315790D760022990C /* ViewController.h */ = {isa = PBXFileReference; lastKnownFileType = sourcecode.c.h; path = ViewController.h; sourceTree = "<group>"; };
		4ADCCBB415790D760022990C /* ViewController.m */ = {isa = PBXFileReference; lastKnownFileType = sourcecode.c.objc; path = ViewController.m; sourceTree = "<group>"; };
		4ADCCBB715790D760022990C /* en */ = {isa = PBXFileReference; lastKnownFileType = file.xib; name = en; path = en.lproj/ViewController.xib; sourceTree = "<group>"; };
		4ADCCBC615790DEC0022990C /* SocketIO.h */ = {isa = PBXFileReference; lastKnownFileType = sourcecode.c.h; name = SocketIO.h; path = ../SocketIO.h; sourceTree = "<group>"; };
		4ADCCBC715790DEC0022990C /* SocketIO.m */ = {isa = PBXFileReference; lastKnownFileType = sourcecode.c.objc; name = SocketIO.m; path = ../SocketIO.m; sourceTree = "<group>"; };
		4ADCCBEE15790FC70022990C /* CFNetwork.framework */ = {isa = PBXFileReference; lastKnownFileType = wrapper.framework; name = CFNetwork.framework; path = System/Library/Frameworks/CFNetwork.framework; sourceTree = SDKROOT; };
		4ADCCBF015790FD30022990C /* MobileCoreServices.framework */ = {isa = PBXFileReference; lastKnownFileType = wrapper.framework; name = MobileCoreServices.framework; path = System/Library/Frameworks/MobileCoreServices.framework; sourceTree = SDKROOT; };
		4ADCCBF215790FDF0022990C /* SystemConfiguration.framework */ = {isa = PBXFileReference; lastKnownFileType = wrapper.framework; name = SystemConfiguration.framework; path = System/Library/Frameworks/SystemConfiguration.framework; sourceTree = SDKROOT; };
		C9E391A015E2A1B00004693A /* SocketIOJSONSerialization.h */ = {isa = PBXFileReference; fileEncoding = 4; lastKnownFileType = sourcecode.c.h; path = SocketIOJSONSerialization.h; sourceTree = SOURCE_ROOT; };
		C9E391A115E2A1B00004693A /* SocketIOJSONSerialization.m */ = {isa = PBXFileReference; fileEncoding = 4; lastKnownFileType = sourcecode.c.objc; path = SocketIOJSONSerialization.m; sourceTree = SOURCE_ROOT; };
/* End PBXFileReference section */

/* Begin PBXFrameworksBuildPhase section */
		4ADCCB9A15790D760022990C /* Frameworks */ = {
			isa = PBXFrameworksBuildPhase;
			buildActionMask = 2147483647;
			files = (
				4A444FA31589E29500B44ABB /* Security.framework in Frameworks */,
				4A444FA11589E28800B44ABB /* libicucore.dylib in Frameworks */,
				4ADCCBEF15790FC70022990C /* CFNetwork.framework in Frameworks */,
				4ADCCBA615790D760022990C /* CoreGraphics.framework in Frameworks */,
				4ADCCBA415790D760022990C /* Foundation.framework in Frameworks */,
				4ADCCBF115790FD30022990C /* MobileCoreServices.framework in Frameworks */,
				4ADCCBF315790FDF0022990C /* SystemConfiguration.framework in Frameworks */,
				4ADCCBA215790D760022990C /* UIKit.framework in Frameworks */,
			);
			runOnlyForDeploymentPostprocessing = 0;
		};
/* End PBXFrameworksBuildPhase section */

/* Begin PBXGroup section */
		4A4453791589EE7D00B44ABB /* SocketRocket */ = {
			isa = PBXGroup;
			children = (
				4A44537A1589EE9100B44ABB /* base64.c */,
				4A44537B1589EE9100B44ABB /* base64.h */,
				4A44537C1589EE9100B44ABB /* NSData+SRB64Additions.h */,
				4A44537D1589EE9100B44ABB /* NSData+SRB64Additions.m */,
				4A44537E1589EE9100B44ABB /* SocketRocket-Prefix.pch */,
				4A44537F1589EE9100B44ABB /* SRWebSocket.h */,
				4A4453801589EE9100B44ABB /* SRWebSocket.m */,
			);
			name = SocketRocket;
			sourceTree = "<group>";
		};
		4ADCCB9215790D760022990C = {
			isa = PBXGroup;
			children = (
				4ADCCBA715790D760022990C /* SocketTesterARC */,
				4ADCCBA015790D760022990C /* Frameworks */,
				4ADCCB9E15790D760022990C /* Products */,
			);
			sourceTree = "<group>";
		};
		4ADCCB9E15790D760022990C /* Products */ = {
			isa = PBXGroup;
			children = (
				4ADCCB9D15790D760022990C /* SocketTesterARC.app */,
			);
			name = Products;
			sourceTree = "<group>";
		};
		4ADCCBA015790D760022990C /* Frameworks */ = {
			isa = PBXGroup;
			children = (
				4A444FA21589E29500B44ABB /* Security.framework */,
				4A444FA01589E28800B44ABB /* libicucore.dylib */,
				4ADCCBF215790FDF0022990C /* SystemConfiguration.framework */,
				4ADCCBF015790FD30022990C /* MobileCoreServices.framework */,
				4ADCCBEE15790FC70022990C /* CFNetwork.framework */,
				4ADCCBA115790D760022990C /* UIKit.framework */,
				4ADCCBA315790D760022990C /* Foundation.framework */,
				4ADCCBA515790D760022990C /* CoreGraphics.framework */,
			);
			name = Frameworks;
			sourceTree = "<group>";
		};
		4ADCCBA715790D760022990C /* SocketTesterARC */ = {
			isa = PBXGroup;
			children = (
				4A4453791589EE7D00B44ABB /* SocketRocket */,
				4ADCCBB015790D760022990C /* AppDelegate.h */,
				4ADCCBB115790D760022990C /* AppDelegate.m */,
				4ADCCBB315790D760022990C /* ViewController.h */,
				4ADCCBB415790D760022990C /* ViewController.m */,
				4ADCCBB615790D760022990C /* ViewController.xib */,
				4ADCCBC615790DEC0022990C /* SocketIO.h */,
				4ADCCBC715790DEC0022990C /* SocketIO.m */,
				4AD96DF21680853E00D9E42D /* SocketIOPacket.h */,
				4AD96DF31680853E00D9E42D /* SocketIOPacket.m */,
				C9E391A015E2A1B00004693A /* SocketIOJSONSerialization.h */,
				C9E391A115E2A1B00004693A /* SocketIOJSONSerialization.m */,
				4AD96DF9168225FC00D9E42D /* SocketIOTransport.h */,
				4AD96DF616808B7900D9E42D /* SocketIOTransportWebsocket.h */,
				4AD96DF716808B7900D9E42D /* SocketIOTransportWebsocket.m */,
				4AD96DFA16822DE300D9E42D /* SocketIOTransportXHR.h */,
				4AD96DFB16822DE300D9E42D /* SocketIOTransportXHR.m */,
				4ADCCBA815790D760022990C /* Supporting Files */,
			);
			path = SocketTesterARC;
			sourceTree = "<group>";
		};
		4ADCCBA815790D760022990C /* Supporting Files */ = {
			isa = PBXGroup;
			children = (
				4ADCCBA915790D760022990C /* SocketTesterARC-Info.plist */,
				4ADCCBAA15790D760022990C /* InfoPlist.strings */,
				4ADCCBAD15790D760022990C /* main.m */,
				4ADCCBAF15790D760022990C /* SocketTesterARC-Prefix.pch */,
			);
			name = "Supporting Files";
			sourceTree = "<group>";
		};
/* End PBXGroup section */

/* Begin PBXNativeTarget section */
		4ADCCB9C15790D760022990C /* SocketTesterARC */ = {
			isa = PBXNativeTarget;
			buildConfigurationList = 4ADCCBBB15790D760022990C /* Build configuration list for PBXNativeTarget "SocketTesterARC" */;
			buildPhases = (
				4ADCCB9915790D760022990C /* Sources */,
				4ADCCB9A15790D760022990C /* Frameworks */,
				4ADCCB9B15790D760022990C /* Resources */,
			);
			buildRules = (
			);
			dependencies = (
			);
			name = SocketTesterARC;
			productName = SocketTesterARC;
			productReference = 4ADCCB9D15790D760022990C /* SocketTesterARC.app */;
			productType = "com.apple.product-type.application";
		};
/* End PBXNativeTarget section */

/* Begin PBXProject section */
		4ADCCB9415790D760022990C /* Project object */ = {
			isa = PBXProject;
			attributes = {
				LastUpgradeCheck = 0460;
				ORGANIZATIONNAME = beta_interactive;
			};
			buildConfigurationList = 4ADCCB9715790D760022990C /* Build configuration list for PBXProject "SocketTesterARC" */;
			compatibilityVersion = "Xcode 3.2";
			developmentRegion = English;
			hasScannedForEncodings = 0;
			knownRegions = (
				en,
			);
			mainGroup = 4ADCCB9215790D760022990C;
			productRefGroup = 4ADCCB9E15790D760022990C /* Products */;
			projectDirPath = "";
			projectRoot = "";
			targets = (
				4ADCCB9C15790D760022990C /* SocketTesterARC */,
			);
		};
/* End PBXProject section */

/* Begin PBXResourcesBuildPhase section */
		4ADCCB9B15790D760022990C /* Resources */ = {
			isa = PBXResourcesBuildPhase;
			buildActionMask = 2147483647;
			files = (
				4ADCCBAC15790D760022990C /* InfoPlist.strings in Resources */,
				4ADCCBB815790D760022990C /* ViewController.xib in Resources */,
			);
			runOnlyForDeploymentPostprocessing = 0;
		};
/* End PBXResourcesBuildPhase section */

/* Begin PBXSourcesBuildPhase section */
		4ADCCB9915790D760022990C /* Sources */ = {
			isa = PBXSourcesBuildPhase;
			buildActionMask = 2147483647;
			files = (
				4ADCCD4D157915F00022990C /* SocketIO.m in Sources */,
				4ADCCBAE15790D760022990C /* main.m in Sources */,
				4ADCCBB215790D760022990C /* AppDelegate.m in Sources */,
				4ADCCBB515790D760022990C /* ViewController.m in Sources */,
				4A4453811589EE9100B44ABB /* base64.c in Sources */,
				4A4453821589EE9100B44ABB /* NSData+SRB64Additions.m in Sources */,
				4A4453831589EE9100B44ABB /* SRWebSocket.m in Sources */,
				C9E391A215E2A1B00004693A /* SocketIOJSONSerialization.m in Sources */,
				4AD96DF41680853E00D9E42D /* SocketIOPacket.m in Sources */,
				4AD96DF816808B7900D9E42D /* SocketIOTransportWebsocket.m in Sources */,
				4AD96DFC16822DE300D9E42D /* SocketIOTransportXHR.m in Sources */,
			);
			runOnlyForDeploymentPostprocessing = 0;
		};
/* End PBXSourcesBuildPhase section */

/* Begin PBXVariantGroup section */
		4ADCCBAA15790D760022990C /* InfoPlist.strings */ = {
			isa = PBXVariantGroup;
			children = (
				4ADCCBAB15790D760022990C /* en */,
			);
			name = InfoPlist.strings;
			sourceTree = "<group>";
		};
		4ADCCBB615790D760022990C /* ViewController.xib */ = {
			isa = PBXVariantGroup;
			children = (
				4ADCCBB715790D760022990C /* en */,
			);
			name = ViewController.xib;
			sourceTree = "<group>";
		};
/* End PBXVariantGroup section */

/* Begin XCBuildConfiguration section */
		4ADCCBB915790D760022990C /* Debug */ = {
			isa = XCBuildConfiguration;
			buildSettings = {
				ALWAYS_SEARCH_USER_PATHS = NO;
				ARCHS = "$(ARCHS_STANDARD_32_BIT)";
				CLANG_ENABLE_OBJC_ARC = YES;
				CLANG_WARN_CONSTANT_CONVERSION = YES;
				CLANG_WARN_ENUM_CONVERSION = YES;
				CLANG_WARN_INT_CONVERSION = YES;
				CLANG_WARN__DUPLICATE_METHOD_MATCH = YES;
				"CODE_SIGN_IDENTITY[sdk=iphoneos*]" = "iPhone Developer";
				COPY_PHASE_STRIP = NO;
				GCC_C_LANGUAGE_STANDARD = gnu99;
				GCC_DYNAMIC_NO_PIC = NO;
				GCC_OPTIMIZATION_LEVEL = 0;
				GCC_PREPROCESSOR_DEFINITIONS = (
					"DEBUG=1",
					"$(inherited)",
				);
				GCC_SYMBOLS_PRIVATE_EXTERN = NO;
				GCC_VERSION = com.apple.compilers.llvm.clang.1_0;
				GCC_WARN_ABOUT_RETURN_TYPE = YES;
				GCC_WARN_UNINITIALIZED_AUTOS = YES;
				GCC_WARN_UNUSED_VARIABLE = YES;
				IPHONEOS_DEPLOYMENT_TARGET = 5.0;
				ONLY_ACTIVE_ARCH = YES;
				SDKROOT = iphoneos;
			};
			name = Debug;
		};
		4ADCCBBA15790D760022990C /* Release */ = {
			isa = XCBuildConfiguration;
			buildSettings = {
				ALWAYS_SEARCH_USER_PATHS = NO;
				ARCHS = "$(ARCHS_STANDARD_32_BIT)";
				CLANG_ENABLE_OBJC_ARC = YES;
				CLANG_WARN_CONSTANT_CONVERSION = YES;
				CLANG_WARN_ENUM_CONVERSION = YES;
				CLANG_WARN_INT_CONVERSION = YES;
				CLANG_WARN__DUPLICATE_METHOD_MATCH = YES;
				"CODE_SIGN_IDENTITY[sdk=iphoneos*]" = "iPhone Developer";
				COPY_PHASE_STRIP = YES;
				GCC_C_LANGUAGE_STANDARD = gnu99;
				GCC_VERSION = com.apple.compilers.llvm.clang.1_0;
				GCC_WARN_ABOUT_RETURN_TYPE = YES;
				GCC_WARN_UNINITIALIZED_AUTOS = YES;
				GCC_WARN_UNUSED_VARIABLE = YES;
				IPHONEOS_DEPLOYMENT_TARGET = 5.0;
				ONLY_ACTIVE_ARCH = YES;
				OTHER_CFLAGS = "-DNS_BLOCK_ASSERTIONS=1";
				SDKROOT = iphoneos;
				VALIDATE_PRODUCT = YES;
			};
			name = Release;
		};
		4ADCCBBC15790D760022990C /* Debug */ = {
			isa = XCBuildConfiguration;
			buildSettings = {
				GCC_PRECOMPILE_PREFIX_HEADER = YES;
				GCC_PREFIX_HEADER = "SocketTesterARC/SocketTesterARC-Prefix.pch";
				INFOPLIST_FILE = "SocketTesterARC/SocketTesterARC-Info.plist";
				LIBRARY_SEARCH_PATHS = (
					"$(inherited)",
					"\"$(SDKROOT)/usr/lib/system\"",
				);
				ONLY_ACTIVE_ARCH = YES;
				PRODUCT_NAME = "$(TARGET_NAME)";
				WRAPPER_EXTENSION = app;
			};
			name = Debug;
		};
		4ADCCBBD15790D760022990C /* Release */ = {
			isa = XCBuildConfiguration;
			buildSettings = {
				GCC_PRECOMPILE_PREFIX_HEADER = YES;
				GCC_PREFIX_HEADER = "SocketTesterARC/SocketTesterARC-Prefix.pch";
				INFOPLIST_FILE = "SocketTesterARC/SocketTesterARC-Info.plist";
				LIBRARY_SEARCH_PATHS = (
					"$(inherited)",
					"\"$(SDKROOT)/usr/lib/system\"",
				);
				ONLY_ACTIVE_ARCH = YES;
				PRODUCT_NAME = "$(TARGET_NAME)";
				WRAPPER_EXTENSION = app;
			};
			name = Release;
		};
/* End XCBuildConfiguration section */

/* Begin XCConfigurationList section */
		4ADCCB9715790D760022990C /* Build configuration list for PBXProject "SocketTesterARC" */ = {
			isa = XCConfigurationList;
			buildConfigurations = (
				4ADCCBB915790D760022990C /* Debug */,
				4ADCCBBA15790D760022990C /* Release */,
			);
			defaultConfigurationIsVisible = 0;
			defaultConfigurationName = Release;
		};
		4ADCCBBB15790D760022990C /* Build configuration list for PBXNativeTarget "SocketTesterARC" */ = {
			isa = XCConfigurationList;
			buildConfigurations = (
				4ADCCBBC15790D760022990C /* Debug */,
				4ADCCBBD15790D760022990C /* Release */,
			);
			defaultConfigurationIsVisible = 0;
			defaultConfigurationName = Release;
		};
/* End XCConfigurationList section */
	};
	rootObject = 4ADCCB9415790D760022990C /* Project object */;
}
